
Microsoft Visual Studio Solution File, Format Version 12.00
# Visual Studio 15
VisualStudioVersion = 15.0.28307.168
MinimumVisualStudioVersion = 10.0.40219.1
Project("{FAE04EC0-301F-11D3-BF4B-00C04F79EFBC}") = "Client", "Client\Client.csproj", "{263EB25A-8AAC-4CA8-A41E-6E4368D16D7B}"
EndProject
Global
	GlobalSection(SolutionConfigurationPlatforms) = preSolution
		Debug|Any CPU = Debug|Any CPU
		Release|Any CPU = Release|Any CPU
	EndGlobalSection
	GlobalSection(ProjectConfigurationPlatforms) = postSolution
		{263EB25A-8AAC-4CA8-A41E-6E4368D16D7B}.Debug|Any CPU.ActiveCfg = Debug|Any CPU
		{263EB25A-8AAC-4CA8-A41E-6E4368D16D7B}.Debug|Any CPU.Build.0 = Debug|Any CPU
		{263EB25A-8AAC-4CA8-A41E-6E4368D16D7B}.Release|Any CPU.ActiveCfg = Release|Any CPU
		{263EB25A-8AAC-4CA8-A41E-6E4368D16D7B}.Release|Any CPU.Build.0 = Release|Any CPU
	EndGlobalSection
	GlobalSection(SolutionProperties) = preSolution
		HideSolutionNode = FALSE
	EndGlobalSection
	GlobalSection(ExtensibilityGlobals) = postSolution
		SolutionGuid = {83A0E46A-545E-4874-94E0-532B4CFF7BBF}
	EndGlobalSection
EndGlobal
